{
  "name": "zodiac-guardian",
  "lockfileVersion": 3,
  "requires": true,
  "packages": {
    "": {
      "devDependencies": {
        "@cloudbase/cli": "^3.4.0"
      }
    },
    "node_modules/@cloudbase/cli": {
      "version": "3.4.0",
      "resolved": "https://registry.npmjs.org/@cloudbase/cli/-/cli-3.4.0.tgz",
      "integrity": "sha512-2z3zZ8nhD1SAEp8LFaGBA/NQsTUwTaPT87UAT3OKdthZWVgTdV+6Udr6jSmjsgnvyvOPW8wXb9KDlokjyuoerQ==",
      "dev": true,
      "license": "ISC",
      "bin": {
        "cloudbase": "bin/cloudbase",
        "cloudbase-mcp": "bin/cloudbase-mcp",
        "tcb": "bin/tcb"
      }
    }
  }
}
